# This file is autogenerated, do not edit; changes may be undone by the next 'dep ensure'.


[[projects]]
  name = "github.com/Sirupsen/logrus"
  packages = ["."]
  revision = "3e01752db0189b9157070a0e1668a620f9a85da2"
  version = "v1.0.6"

[[projects]]
  branch = "master"
  name = "github.com/auth0/go-jwt-middleware"
  packages = ["."]
  revision = "5493cabe49f7bfa6e2ec444a09d334d90cd4e2bd"

[[projects]]
  branch = "master"
  name = "github.com/dgrijalva/jwt-go"
  packages = ["."]
  revision = "0b96aaa707760d6ab28d9b9d1913ff5993328bae"

[[projects]]
  branch = "master"
  name = "golang.org/x/crypto"
  packages = ["ssh/terminal"]
  revision = "182538f80094b6a8efaade63a8fd8e0d9d5843dd"

[[projects]]
  branch = "master"
  name = "golang.org/x/sys"
  packages = [
    "unix",
    "windows"
  ]
  revision = "fa5fdf94c78965f1aa8423f0cc50b8b8d728b05a"

[solve-meta]
  analyzer-name = "dep"
  analyzer-version = 1
  inputs-digest = "390f1a0888eb11a08e72b02ef24cf87bf29d55fc1a4d876382a3b1b866c414c4"
  solver-name = "gps-cdcl"
  solver-version = 1
