# This file is autogenerated, do not edit; changes may be undone by the next 'dep ensure'.


[[projects]]
  name = "github.com/Sirupsen/logrus"
  packages = ["."]
  revision = "3e01752db0189b9157070a0e1668a620f9a85da2"
  version = "v1.0.6"

[[projects]]
  branch = "master"
  name = "golang.org/x/crypto"
  packages = ["ssh/terminal"]
  revision = "182538f80094b6a8efaade63a8fd8e0d9d5843dd"

[[projects]]
  branch = "master"
  name = "golang.org/x/sys"
  packages = [
    "unix",
    "windows"
  ]
  revision = "fa5fdf94c78965f1aa8423f0cc50b8b8d728b05a"

[solve-meta]
  analyzer-name = "dep"
  analyzer-version = 1
  inputs-digest = "2ff74ab888ae92dc492098cae3e3faeec5ca77aa3f132571c537894fa1d04229"
  solver-name = "gps-cdcl"
  solver-version = 1
